
Microsoft Visual Studio Solution File, Format Version 12.00
# Visual Studio Version 17
VisualStudioVersion = 17.6.33723.286
MinimumVisualStudioVersion = 10.0.40219.1
Project("{FAE04EC0-301F-11D3-BF4B-00C04F79EFBC}") = "MVC_API", "MVC_API.csproj", "{8D42A3BC-EE14-4FDA-9C3E-67F15F081DAA}"
EndProject
Global
	GlobalSection(SolutionConfigurationPlatforms) = preSolution
		Debug|Any CPU = Debug|Any CPU
		Release|Any CPU = Release|Any CPU
	EndGlobalSection
	GlobalSection(ProjectConfigurationPlatforms) = postSolution
		{8D42A3BC-EE14-4FDA-9C3E-67F15F081DAA}.Debug|Any CPU.ActiveCfg = Debug|Any CPU
		{8D42A3BC-EE14-4FDA-9C3E-67F15F081DAA}.Debug|Any CPU.Build.0 = Debug|Any CPU
		{8D42A3BC-EE14-4FDA-9C3E-67F15F081DAA}.Release|Any CPU.ActiveCfg = Release|Any CPU
		{8D42A3BC-EE14-4FDA-9C3E-67F15F081DAA}.Release|Any CPU.Build.0 = Release|Any CPU
	EndGlobalSection
	GlobalSection(SolutionProperties) = preSolution
		HideSolutionNode = FALSE
	EndGlobalSection
	GlobalSection(ExtensibilityGlobals) = postSolution
		SolutionGuid = {798E9594-13D1-43DA-99A1-9631A35D5E25}
	EndGlobalSection
EndGlobal
